
Microsoft Visual Studio Solution File, Format Version 12.00
# Visual Studio Version 17
VisualStudioVersion = 17.5.33502.453
MinimumVisualStudioVersion = 10.0.40219.1
Project("{FAE04EC0-301F-11D3-BF4B-00C04F79EFBC}") = "QReg-Visualizador", "QReg-Visualizador\QReg-Visualizador.csproj", "{B7266A58-4377-416E-ABA4-D737546CBEF6}"
EndProject
Project("{FAE04EC0-301F-11D3-BF4B-00C04F79EFBC}") = "Datos", "Datos\Datos.csproj", "{C8AE9683-EF23-4266-8A13-C4C05B4D1248}"
EndProject
Project("{FAE04EC0-301F-11D3-BF4B-00C04F79EFBC}") = "Entidades", "Entidades\Entidades.csproj", "{829BFA33-62C9-40C6-BDF5-29621883B4FE}"
EndProject
Project("{FAE04EC0-301F-11D3-BF4B-00C04F79EFBC}") = "Mapeo", "Mapeo\Mapeo.csproj", "{6F280133-37C8-4E69-AD35-770F1A89E917}"
EndProject
Project("{FAE04EC0-301F-11D3-BF4B-00C04F79EFBC}") = "Negocio", "Negocio\Negocio.csproj", "{47C49D95-5F05-4653-BE4A-9A14DEC41E56}"
EndProject
Project("{FAE04EC0-301F-11D3-BF4B-00C04F79EFBC}") = "Utilidades", "Utilidades\Utilidades.csproj", "{BE92D305-A9F0-4379-9B3C-7D4098D347B6}"
EndProject
Global
	GlobalSection(SolutionConfigurationPlatforms) = preSolution
		Debug|Any CPU = Debug|Any CPU
		Release|Any CPU = Release|Any CPU
	EndGlobalSection
	GlobalSection(ProjectConfigurationPlatforms) = postSolution
		{B7266A58-4377-416E-ABA4-D737546CBEF6}.Debug|Any CPU.ActiveCfg = Debug|Any CPU
		{B7266A58-4377-416E-ABA4-D737546CBEF6}.Debug|Any CPU.Build.0 = Debug|Any CPU
		{B7266A58-4377-416E-ABA4-D737546CBEF6}.Release|Any CPU.ActiveCfg = Release|Any CPU
		{B7266A58-4377-416E-ABA4-D737546CBEF6}.Release|Any CPU.Build.0 = Release|Any CPU
		{C8AE9683-EF23-4266-8A13-C4C05B4D1248}.Debug|Any CPU.ActiveCfg = Debug|Any CPU
		{C8AE9683-EF23-4266-8A13-C4C05B4D1248}.Debug|Any CPU.Build.0 = Debug|Any CPU
		{C8AE9683-EF23-4266-8A13-C4C05B4D1248}.Release|Any CPU.ActiveCfg = Release|Any CPU
		{C8AE9683-EF23-4266-8A13-C4C05B4D1248}.Release|Any CPU.Build.0 = Release|Any CPU
		{829BFA33-62C9-40C6-BDF5-29621883B4FE}.Debug|Any CPU.ActiveCfg = Debug|Any CPU
		{829BFA33-62C9-40C6-BDF5-29621883B4FE}.Debug|Any CPU.Build.0 = Debug|Any CPU
		{829BFA33-62C9-40C6-BDF5-29621883B4FE}.Release|Any CPU.ActiveCfg = Release|Any CPU
		{829BFA33-62C9-40C6-BDF5-29621883B4FE}.Release|Any CPU.Build.0 = Release|Any CPU
		{6F280133-37C8-4E69-AD35-770F1A89E917}.Debug|Any CPU.ActiveCfg = Debug|Any CPU
		{6F280133-37C8-4E69-AD35-770F1A89E917}.Debug|Any CPU.Build.0 = Debug|Any CPU
		{6F280133-37C8-4E69-AD35-770F1A89E917}.Release|Any CPU.ActiveCfg = Release|Any CPU
		{6F280133-37C8-4E69-AD35-770F1A89E917}.Release|Any CPU.Build.0 = Release|Any CPU
		{47C49D95-5F05-4653-BE4A-9A14DEC41E56}.Debug|Any CPU.ActiveCfg = Debug|Any CPU
		{47C49D95-5F05-4653-BE4A-9A14DEC41E56}.Debug|Any CPU.Build.0 = Debug|Any CPU
		{47C49D95-5F05-4653-BE4A-9A14DEC41E56}.Release|Any CPU.ActiveCfg = Release|Any CPU
		{47C49D95-5F05-4653-BE4A-9A14DEC41E56}.Release|Any CPU.Build.0 = Release|Any CPU
		{BE92D305-A9F0-4379-9B3C-7D4098D347B6}.Debug|Any CPU.ActiveCfg = Debug|Any CPU
		{BE92D305-A9F0-4379-9B3C-7D4098D347B6}.Debug|Any CPU.Build.0 = Debug|Any CPU
		{BE92D305-A9F0-4379-9B3C-7D4098D347B6}.Release|Any CPU.ActiveCfg = Release|Any CPU
		{BE92D305-A9F0-4379-9B3C-7D4098D347B6}.Release|Any CPU.Build.0 = Release|Any CPU
	EndGlobalSection
	GlobalSection(SolutionProperties) = preSolution
		HideSolutionNode = FALSE
	EndGlobalSection
	GlobalSection(ExtensibilityGlobals) = postSolution
		SolutionGuid = {6263FE3F-9637-4D4D-910A-B655D593C1A9}
	EndGlobalSection
EndGlobal
